
Microsoft Visual Studio Solution File, Format Version 12.00
# Visual Studio Version 16
VisualStudioVersion = 16.0.31424.327
MinimumVisualStudioVersion = 10.0.40219.1
Project("{FAE04EC0-301F-11D3-BF4B-00C04F79EFBC}") = "citrix-csharp-demo", "citrix-csharp-demo\citrix-csharp-demo.csproj", "{FA44BFA4-5685-4ABD-A7F2-E3CD04C01552}"
EndProject
Global
	GlobalSection(SolutionConfigurationPlatforms) = preSolution
		Debug|Any CPU = Debug|Any CPU
		Debug|x86 = Debug|x86
		Release|Any CPU = Release|Any CPU
		Release|x86 = Release|x86
	EndGlobalSection
	GlobalSection(ProjectConfigurationPlatforms) = postSolution
		{FA44BFA4-5685-4ABD-A7F2-E3CD04C01552}.Debug|Any CPU.ActiveCfg = Debug|Any CPU
		{FA44BFA4-5685-4ABD-A7F2-E3CD04C01552}.Debug|Any CPU.Build.0 = Debug|Any CPU
		{FA44BFA4-5685-4ABD-A7F2-E3CD04C01552}.Debug|x86.ActiveCfg = Debug|x86
		{FA44BFA4-5685-4ABD-A7F2-E3CD04C01552}.Debug|x86.Build.0 = Debug|x86
		{FA44BFA4-5685-4ABD-A7F2-E3CD04C01552}.Release|Any CPU.ActiveCfg = Release|Any CPU
		{FA44BFA4-5685-4ABD-A7F2-E3CD04C01552}.Release|Any CPU.Build.0 = Release|Any CPU
		{FA44BFA4-5685-4ABD-A7F2-E3CD04C01552}.Release|x86.ActiveCfg = Release|x86
		{FA44BFA4-5685-4ABD-A7F2-E3CD04C01552}.Release|x86.Build.0 = Release|x86
	EndGlobalSection
	GlobalSection(SolutionProperties) = preSolution
		HideSolutionNode = FALSE
	EndGlobalSection
	GlobalSection(ExtensibilityGlobals) = postSolution
		SolutionGuid = {6AFFE2F7-8CEF-4B66-BBE7-6B7FB4093CC2}
	EndGlobalSection
EndGlobal
